// !$*UTF8*$!
{
	archiveVersion = 1;
	classes = {
	};
	objectVersion = 77;
	objects = {

/* Begin PBXBuildFile section */
		13C740682E51684C00078530 /* BillModel.xcdatamodeld in Sources */ = {isa = PBXBuildFile; fileRef = 13C740662E51684C00078530 /* BillModel.xcdatamodeld */; };
		13F622D2301E62FC00A55834 /* Artboard 1@1x.png in Resources */ = {isa = PBXBuildFile; fileRef = 13F622D1301E62FC00A55834 /* Artboard 1@1x.png */; };
/* End PBXBuildFile section */

/* Begin PBXContainerItemProxy section */
		136793762E4D6FD600E68496 /* PBXContainerItemProxy */ = {
			isa = PBXContainerItemProxy;
			containerPortal = 136793602E4D6FD400E68496 /* Project object */;
			proxyType = 1;
			remoteGlobalIDString = 136793672E4D6FD400E68496;
			remoteInfo = "BI Bill Split";
		};
		136793802E4D6FD600E68496 /* PBXContainerItemProxy */ = {
			isa = PBXContainerItemProxy;
			containerPortal = 136793602E4D6FD400E68496 /* Project object */;
			proxyType = 1;
			remoteGlobalIDString = 136793672E4D6FD400E68496;
			remoteInfo = "BI Bill Split";
		};
/* End PBXContainerItemProxy section */

/* Begin PBXFileReference section */
		136793682E4D6FD400E68496 /* BI Bill Split.app */ = {isa = PBXFileReference; explicitFileType = wrapper.application; includeInIndex = 0; path = "BI Bill Split.app"; sourceTree = BUILT_PRODUCTS_DIR; };
		136793752E4D6FD600E68496 /* BI Bill SplitTests.xctest */ = {isa = PBXFileReference; explicitFileType = wrapper.cfbundle; includeInIndex = 0; path = "BI Bill SplitTests.xctest"; sourceTree = BUILT_PRODUCTS_DIR; };
		1367937F2E4D6FD600E68496 /* BI Bill SplitUITests.xctest */ = {isa = PBXFileReference; explicitFileType = wrapper.cfbundle; includeInIndex = 0; path = "BI Bill SplitUITests.xctest"; sourceTree = BUILT_PRODUCTS_DIR; };
		13C740672E51684C00078530 /* BillModel.xcdatamodel */ = {isa = PBXFileReference; lastKnownFileType = wrapper.xcdatamodel; path = BillModel.xcdatamodel; sourceTree = "<group>"; };
		13F622D1301E62FC00A55834 /* Artboard 1@1x.png */ = {isa = PBXFileReference; lastKnownFileType = image.png; name = "Artboard 1@1x.png"; path = "BI Bill Split/Assets.xcassets/AppIcon.appiconset/Artboard 1@1x.png"; sourceTree = "<group>"; };
/* End PBXFileReference section */

/* Begin PBXFileSystemSynchronizedRootGroup section */
		1367936A2E4D6FD400E68496 /* BI Bill Split */ = {
			isa = PBXFileSystemSynchronizedRootGroup;
			path = "BI Bill Split";
			sourceTree = "<group>";
		};
		136793782E4D6FD600E68496 /* BI Bill SplitTests */ = {
			isa = PBXFileSystemSynchronizedRootGroup;
			path = "BI Bill SplitTests";
			sourceTree = "<group>";
		};
		136793822E4D6FD600E68496 /* BI Bill SplitUITests */ = {
			isa = PBXFileSystemSynchronizedRootGroup;
			path = "BI Bill SplitUITests";
			sourceTree = "<group>";
		};
/* End PBXFileSystemSynchronizedRootGroup section */

/* Begin PBXFrameworksBuildPhase section */
		136793652E4D6FD400E68496 /* Frameworks */ = {
			isa = PBXFrameworksBuildPhase;
			buildActionMask = 2147483647;
			files = (
			);
			runOnlyForDeploymentPostprocessing = 0;
		};
		136793722E4D6FD600E68496 /* Frameworks */ = {
			isa = PBXFrameworksBuildPhase;
			buildActionMask = 2147483647;
			files = (
			);
			runOnlyForDeploymentPostprocessing = 0;
		};
		1367937C2E4D6FD600E68496 /* Frameworks */ = {
			isa = PBXFrameworksBuildPhase;
			buildActionMask = 2147483647;
			files = (
			);
			runOnlyForDeploymentPostprocessing = 0;
		};
/* End PBXFrameworksBuildPhase section */

/* Begin PBXGroup section */
		1367935F2E4D6FD400E68496 = {
			isa = PBXGroup;
			children = (
				13F622D1301E62FC00A55834 /* Artboard 1@1x.png */,
				13C740662E51684C00078530 /* BillModel.xcdatamodeld */,
				1367936A2E4D6FD400E68496 /* BI Bill Split */,
				136793782E4D6FD600E68496 /* BI Bill SplitTests */,
				136793822E4D6FD600E68496 /* BI Bill SplitUITests */,
				136793692E4D6FD400E68496 /* Products */,
			);
			sourceTree = "<group>";
		};
		136793692E4D6FD400E68496 /* Products */ = {
			isa = PBXGroup;
			children = (
				136793682E4D6FD400E68496 /* BI Bill Split.app */,
				136793752E4D6FD600E68496 /* BI Bill SplitTests.xctest */,
				1367937F2E4D6FD600E68496 /* BI Bill SplitUITests.xctest */,
			);
			name = Products;
			sourceTree = "<group>";
		};
/* End PBXGroup section */

/* Begin PBXNativeTarget section */
		136793672E4D6FD400E68496 /* BI Bill Split */ = {
			isa = PBXNativeTarget;
			buildConfigurationList = 136793892E4D6FD600E68496 /* Build configuration list for PBXNativeTarget "BI Bill Split" */;
			buildPhases = (
				136793642E4D6FD400E68496 /* Sources */,
				136793652E4D6FD400E68496 /* Frameworks */,
				136793662E4D6FD400E68496 /* Resources */,
			);
			buildRules = (
			);
			dependencies = (
			);
			fileSystemSynchronizedGroups = (
				1367936A2E4D6FD400E68496 /* BI Bill Split */,
			);
			name = "BI Bill Split";
			packageProductDependencies = (
			);
			productName = "BI Bill Split";
			productReference = 136793682E4D6FD400E68496 /* BI Bill Split.app */;
			productType = "com.apple.product-type.application";
		};
		136793742E4D6FD600E68496 /* BI Bill SplitTests */ = {
			isa = PBXNativeTarget;
			buildConfigurationList = 1367938C2E4D6FD600E68496 /* Build configuration list for PBXNativeTarget "BI Bill SplitTests" */;
			buildPhases = (
				136793712E4D6FD600E68496 /* Sources */,
				136793722E4D6FD600E68496 /* Frameworks */,
				136793732E4D6FD600E68496 /* Resources */,
			);
			buildRules = (
			);
			dependencies = (
				136793772E4D6FD600E68496 /* PBXTargetDependency */,
			);
			fileSystemSynchronizedGroups = (
				136793782E4D6FD600E68496 /* BI Bill SplitTests */,
			);
			name = "BI Bill SplitTests";
			packageProductDependencies = (
			);
			productName = "BI Bill SplitTests";
			productReference = 136793752E4D6FD600E68496 /* BI Bill SplitTests.xctest */;
			productType = "com.apple.product-type.bundle.unit-test";
		};
		1367937E2E4D6FD600E68496 /* BI Bill SplitUITests */ = {
			isa = PBXNativeTarget;
			buildConfigurationList = 1367938F2E4D6FD600E68496 /* Build configuration list for PBXNativeTarget "BI Bill SplitUITests" */;
			buildPhases = (
				1367937B2E4D6FD600E68496 /* Sources */,
				1367937C2E4D6FD600E68496 /* Frameworks */,
				1367937D2E4D6FD600E68496 /* Resources */,
			);
			buildRules = (
			);
			dependencies = (
				136793812E4D6FD600E68496 /* PBXTargetDependency */,
			);
			fileSystemSynchronizedGroups = (
				136793822E4D6FD600E68496 /* BI Bill SplitUITests */,
			);
			name = "BI Bill SplitUITests";
			packageProductDependencies = (
			);
			productName = "BI Bill SplitUITests";
			productReference = 1367937F2E4D6FD600E68496 /* BI Bill SplitUITests.xctest */;
			productType = "com.apple.product-type.bundle.ui-testing";
		};
/* End PBXNativeTarget section */

/* Begin PBXProject section */
		136793602E4D6FD400E68496 /* Project object */ = {
			isa = PBXProject;
			attributes = {
				BuildIndependentTargetsInParallel = 1;
				LastSwiftUpdateCheck = 1640;
				LastUpgradeCheck = 1640;
				TargetAttributes = {
					136793672E4D6FD400E68496 = {
						CreatedOnToolsVersion = 16.4;
					};
					136793742E4D6FD600E68496 = {
						CreatedOnToolsVersion = 16.4;
						TestTargetID = 136793672E4D6FD400E68496;
					};
					1367937E2E4D6FD600E68496 = {
						CreatedOnToolsVersion = 16.4;
						TestTargetID = 136793672E4D6FD400E68496;
					};
				};
			};
			buildConfigurationList = 136793632E4D6FD400E68496 /* Build configuration list for PBXProject "BI Bill Split" */;
			developmentRegion = en;
			hasScannedForEncodings = 0;
			knownRegions = (
				en,
				Base,
			);
			mainGroup = 1367935F2E4D6FD400E68496;
			minimizedProjectReferenceProxies = 1;
			preferredProjectObjectVersion = 77;
			productRefGroup = 136793692E4D6FD400E68496 /* Products */;
			projectDirPath = "";
			projectRoot = "";
			targets = (
				136793672E4D6FD400E68496 /* BI Bill Split */,
				136793742E4D6FD600E68496 /* BI Bill SplitTests */,
				1367937E2E4D6FD600E68496 /* BI Bill SplitUITests */,
			);
		};
/* End PBXProject section */

/* Begin PBXResourcesBuildPhase section */
		136793662E4D6FD400E68496 /* Resources */ = {
			isa = PBXResourcesBuildPhase;
			buildActionMask = 2147483647;
			files = (
				13F622D2301E62FC00A55834 /* Artboard 1@1x.png in Resources */,
			);
			runOnlyForDeploymentPostprocessing = 0;
		};
		136793732E4D6FD600E68496 /* Resources */ = {
			isa = PBXResourcesBuildPhase;
			buildActionMask = 2147483647;
			files = (
			);
			runOnlyForDeploymentPostprocessing = 0;
		};
		1367937D2E4D6FD600E68496 /* Resources */ = {
			isa = PBXResourcesBuildPhase;
			buildActionMask = 2147483647;
			files = (
			);
			runOnlyForDeploymentPostprocessing = 0;
		};
/* End PBXResourcesBuildPhase section */

/* Begin PBXSourcesBuildPhase section */
		136793642E4D6FD400E68496 /* Sources */ = {
			isa = PBXSourcesBuildPhase;
			buildActionMask = 2147483647;
			files = (
				13C740682E51684C00078530 /* BillModel.xcdatamodeld in Sources */,
			);
			runOnlyForDeploymentPostprocessing = 0;
		};
		136793712E4D6FD600E68496 /* Sources */ = {
			isa = PBXSourcesBuildPhase;
			buildActionMask = 2147483647;
			files = (
			);
			runOnlyForDeploymentPostprocessing = 0;
		};
		1367937B2E4D6FD600E68496 /* Sources */ = {
			isa = PBXSourcesBuildPhase;
			buildActionMask = 2147483647;
			files = (
			);
			runOnlyForDeploymentPostprocessing = 0;
		};
/* End PBXSourcesBuildPhase section */

/* Begin PBXTargetDependency section */
		136793772E4D6FD600E68496 /* PBXTargetDependency */ = {
			isa = PBXTargetDependency;
			target = 136793672E4D6FD400E68496 /* BI Bill Split */;
			targetProxy = 136793762E4D6FD600E68496 /* PBXContainerItemProxy */;
		};
		136793812E4D6FD600E68496 /* PBXTargetDependency */ = {
			isa = PBXTargetDependency;
			target = 136793672E4D6FD400E68496 /* BI Bill Split */;
			targetProxy = 136793802E4D6FD600E68496 /* PBXContainerItemProxy */;
		};
/* End PBXTargetDependency section */

/* Begin XCBuildConfiguration section */
		136793872E4D6FD600E68496 /* Debug */ = {
			isa = XCBuildConfiguration;
			buildSettings = {
				ALWAYS_SEARCH_USER_PATHS = NO;
				ASSETCATALOG_COMPILER_GENERATE_SWIFT_ASSET_SYMBOL_EXTENSIONS = YES;
				CLANG_ANALYZER_NONNULL = YES;
				CLANG_ANALYZER_NUMBER_OBJECT_CONVERSION = YES_AGGRESSIVE;
				CLANG_CXX_LANGUAGE_STANDARD = "gnu++20";
				CLANG_ENABLE_MODULES = YES;
				CLANG_ENABLE_OBJC_ARC = YES;
				CLANG_ENABLE_OBJC_WEAK = YES;
				CLANG_WARN_BLOCK_CAPTURE_AUTORELEASING = YES;
				CLANG_WARN_BOOL_CONVERSION = YES;
				CLANG_WARN_COMMA = YES;
				CLANG_WARN_CONSTANT_CONVERSION = YES;
				CLANG_WARN_DEPRECATED_OBJC_IMPLEMENTATIONS = YES;
				CLANG_WARN_DIRECT_OBJC_ISA_USAGE = YES_ERROR;
				CLANG_WARN_DOCUMENTATION_COMMENTS = YES;
				CLANG_WARN_EMPTY_BODY = YES;
				CLANG_WARN_ENUM_CONVERSION = YES;
				CLANG_WARN_INFINITE_RECURSION = YES;
				CLANG_WARN_INT_CONVERSION = YES;
				CLANG_WARN_NON_LITERAL_NULL_CONVERSION = YES;
				CLANG_WARN_OBJC_IMPLICIT_RETAIN_SELF = YES;
				CLANG_WARN_OBJC_LITERAL_CONVERSION = YES;
				CLANG_WARN_OBJC_ROOT_CLASS = YES_ERROR;
				CLANG_WARN_QUOTED_INCLUDE_IN_FRAMEWORK_HEADER = YES;
				CLANG_WARN_RANGE_LOOP_ANALYSIS = YES;
				CLANG_WARN_STRICT_PROTOTYPES = YES;
				CLANG_WARN_SUSPICIOUS_MOVE = YES;
				CLANG_WARN_UNGUARDED_AVAILABILITY = YES_AGGRESSIVE;
				CLANG_WARN_UNREACHABLE_CODE = YES;
				CLANG_WARN__DUPLICATE_METHOD_MATCH = YES;
				COPY_PHASE_STRIP = NO;
				DEBUG_INFORMATION_FORMAT = dwarf;
				ENABLE_STRICT_OBJC_MSGSEND = YES;
				ENABLE_TESTABILITY = YES;
				ENABLE_USER_SCRIPT_SANDBOXING = YES;
				GCC_C_LANGUAGE_STANDARD = gnu17;
				GCC_DYNAMIC_NO_PIC = NO;
				GCC_NO_COMMON_BLOCKS = YES;
				GCC_OPTIMIZATION_LEVEL = 0;
				GCC_PREPROCESSOR_DEFINITIONS = (
					"DEBUG=1",
					"$(inherited)",
				);
				GCC_WARN_64_TO_32_BIT_CONVERSION = YES;
				GCC_WARN_ABOUT_RETURN_TYPE = YES_ERROR;
				GCC_WARN_UNDECLARED_SELECTOR = YES;
				GCC_WARN_UNINITIALIZED_AUTOS = YES_AGGRESSIVE;
				GCC_WARN_UNUSED_FUNCTION = YES;
				GCC_WARN_UNUSED_VARIABLE = YES;
				IPHONEOS_DEPLOYMENT_TARGET = 18.5;
				LOCALIZATION_PREFERS_STRING_CATALOGS = YES;
				MTL_ENABLE_DEBUG_INFO = INCLUDE_SOURCE;
				MTL_FAST_MATH = YES;
				ONLY_ACTIVE_ARCH = YES;
				SDKROOT = iphoneos;
				SWIFT_ACTIVE_COMPILATION_CONDITIONS = "DEBUG $(inherited)";
				SWIFT_OPTIMIZATION_LEVEL = "-Onone";
			};
			name = Debug;
		};
		136793882E4D6FD600E68496 /* Release */ = {
			isa = XCBuildConfiguration;
			buildSettings = {
				ALWAYS_SEARCH_USER_PATHS = NO;
				ASSETCATALOG_COMPILER_GENERATE_SWIFT_ASSET_SYMBOL_EXTENSIONS = YES;
				CLANG_ANALYZER_NONNULL = YES;
				CLANG_ANALYZER_NUMBER_OBJECT_CONVERSION = YES_AGGRESSIVE;
				CLANG_CXX_LANGUAGE_STANDARD = "gnu++20";
				CLANG_ENABLE_MODULES = YES;
				CLANG_ENABLE_OBJC_ARC = YES;
				CLANG_ENABLE_OBJC_WEAK = YES;
				CLANG_WARN_BLOCK_CAPTURE_AUTORELEASING = YES;
				CLANG_WARN_BOOL_CONVERSION = YES;
				CLANG_WARN_COMMA = YES;
				CLANG_WARN_CONSTANT_CONVERSION = YES;
				CLANG_WARN_DEPRECATED_OBJC_IMPLEMENTATIONS = YES;
				CLANG_WARN_DIRECT_OBJC_ISA_USAGE = YES_ERROR;
				CLANG_WARN_DOCUMENTATION_COMMENTS = YES;
				CLANG_WARN_EMPTY_BODY = YES;
				CLANG_WARN_ENUM_CONVERSION = YES;
				CLANG_WARN_INFINITE_RECURSION = YES;
				CLANG_WARN_INT_CONVERSION = YES;
				CLANG_WARN_NON_LITERAL_NULL_CONVERSION = YES;
				CLANG_WARN_OBJC_IMPLICIT_RETAIN_SELF = YES;
				CLANG_WARN_OBJC_LITERAL_CONVERSION = YES;
				CLANG_WARN_OBJC_ROOT_CLASS = YES_ERROR;
				CLANG_WARN_QUOTED_INCLUDE_IN_FRAMEWORK_HEADER = YES;
				CLANG_WARN_RANGE_LOOP_ANALYSIS = YES;
				CLANG_WARN_STRICT_PROTOTYPES = YES;
				CLANG_WARN_SUSPICIOUS_MOVE = YES;
				CLANG_WARN_UNGUARDED_AVAILABILITY = YES_AGGRESSIVE;
				CLANG_WARN_UNREACHABLE_CODE = YES;
				CLANG_WARN__DUPLICATE_METHOD_MATCH = YES;
				COPY_PHASE_STRIP = NO;
				DEBUG_INFORMATION_FORMAT = "dwarf-with-dsym";
				ENABLE_NS_ASSERTIONS = NO;
				ENABLE_STRICT_OBJC_MSGSEND = YES;
				ENABLE_USER_SCRIPT_SANDBOXING = YES;
				GCC_C_LANGUAGE_STANDARD = gnu17;
				GCC_NO_COMMON_BLOCKS = YES;
				GCC_WARN_64_TO_32_BIT_CONVERSION = YES;
				GCC_WARN_ABOUT_RETURN_TYPE = YES_ERROR;
				GCC_WARN_UNDECLARED_SELECTOR = YES;
				GCC_WARN_UNINITIALIZED_AUTOS = YES_AGGRESSIVE;
				GCC_WARN_UNUSED_FUNCTION = YES;
				GCC_WARN_UNUSED_VARIABLE = YES;
				IPHONEOS_DEPLOYMENT_TARGET = 18.5;
				LOCALIZATION_PREFERS_STRING_CATALOGS = YES;
				MTL_ENABLE_DEBUG_INFO = NO;
				MTL_FAST_MATH = YES;
				SDKROOT = iphoneos;
				SWIFT_COMPILATION_MODE = wholemodule;
				VALIDATE_PRODUCT = YES;
			};
			name = Release;
		};
		1367938A2E4D6FD600E68496 /* Debug */ = {
			isa = XCBuildConfiguration;
			buildSettings = {
				ASSETCATALOG_COMPILER_APPICON_NAME = AppIcon;
				ASSETCATALOG_COMPILER_GLOBAL_ACCENT_COLOR_NAME = AccentColor;
				CODE_SIGN_ENTITLEMENTS = "BI Bill Split/BI Bill Split.entitlements";
				CODE_SIGN_STYLE = Automatic;
				CURRENT_PROJECT_VERSION = 1;
				DEVELOPMENT_TEAM = J57739J5K5;
				ENABLE_PREVIEWS = YES;
				GENERATE_INFOPLIST_FILE = YES;
				INFOPLIST_FILE = "BI-Bill-Split-Info.plist";
				INFOPLIST_KEY_CFBundleDisplayName = "Bill Split";
				INFOPLIST_KEY_LSApplicationCategoryType = "public.app-category.utilities";
				INFOPLIST_KEY_NSCameraUsageDescription = "Use Camera to Scan Receipts";
				INFOPLIST_KEY_NSContactsUsageDescription = "Access Contacts for easily adding people to the Bill";
				INFOPLIST_KEY_UIApplicationSceneManifest_Generation = YES;
				INFOPLIST_KEY_UIApplicationSupportsIndirectInputEvents = YES;
				INFOPLIST_KEY_UILaunchScreen_Generation = YES;
				INFOPLIST_KEY_UISupportedInterfaceOrientations_iPad = "UIInterfaceOrientationPortrait UIInterfaceOrientationPortraitUpsideDown UIInterfaceOrientationLandscapeLeft UIInterfaceOrientationLandscapeRight";
				INFOPLIST_KEY_UISupportedInterfaceOrientations_iPhone = "UIInterfaceOrientationPortrait UIInterfaceOrientationLandscapeLeft UIInterfaceOrientationLandscapeRight";
				IPHONEOS_DEPLOYMENT_TARGET = 17.6;
				LD_RUNPATH_SEARCH_PATHS = (
					"$(inherited)",
					"@executable_path/Frameworks",
				);
				MARKETING_VERSION = 1.0;
				NT = "";
				PRODUCT_BUNDLE_IDENTIFIER = "com.rf.BI-Bill-Split";
				PRODUCT_NAME = "$(TARGET_NAME)";
				SUPPORTED_PLATFORMS = "iphoneos iphonesimulator";
				SUPPORTS_MACCATALYST = NO;
				SUPPORTS_MAC_DESIGNED_FOR_IPHONE_IPAD = NO;
				SUPPORTS_XR_DESIGNED_FOR_IPHONE_IPAD = NO;
				SWIFT_EMIT_LOC_STRINGS = YES;
				SWIFT_VERSION = 5.0;
				TARGETED_DEVICE_FAMILY = 1;
			};
			name = Debug;
		};
		1367938B2E4D6FD600E68496 /* Release */ = {
			isa = XCBuildConfiguration;
			buildSettings = {
				ASSETCATALOG_COMPILER_APPICON_NAME = AppIcon;
				ASSETCATALOG_COMPILER_GLOBAL_ACCENT_COLOR_NAME = AccentColor;
				CODE_SIGN_ENTITLEMENTS = "BI Bill Split/BI Bill Split.entitlements";
				CODE_SIGN_STYLE = Automatic;
				CURRENT_PROJECT_VERSION = 1;
				DEVELOPMENT_TEAM = J57739J5K5;
				ENABLE_PREVIEWS = YES;
				GENERATE_INFOPLIST_FILE = YES;
				INFOPLIST_FILE = "BI-Bill-Split-Info.plist";
				INFOPLIST_KEY_CFBundleDisplayName = "Bill Split";
				INFOPLIST_KEY_LSApplicationCategoryType = "public.app-category.utilities";
				INFOPLIST_KEY_NSCameraUsageDescription = "Use Camera to Scan Receipts";
				INFOPLIST_KEY_NSContactsUsageDescription = "Access Contacts for easily adding people to the Bill";
				INFOPLIST_KEY_UIApplicationSceneManifest_Generation = YES;
				INFOPLIST_KEY_UIApplicationSupportsIndirectInputEvents = YES;
				INFOPLIST_KEY_UILaunchScreen_Generation = YES;
				INFOPLIST_KEY_UISupportedInterfaceOrientations_iPad = "UIInterfaceOrientationPortrait UIInterfaceOrientationPortraitUpsideDown UIInterfaceOrientationLandscapeLeft UIInterfaceOrientationLandscapeRight";
				INFOPLIST_KEY_UISupportedInterfaceOrientations_iPhone = "UIInterfaceOrientationPortrait UIInterfaceOrientationLandscapeLeft UIInterfaceOrientationLandscapeRight";
				IPHONEOS_DEPLOYMENT_TARGET = 17.6;
				LD_RUNPATH_SEARCH_PATHS = (
					"$(inherited)",
					"@executable_path/Frameworks",
				);
				MARKETING_VERSION = 1.0;
				NT = "";
				PRODUCT_BUNDLE_IDENTIFIER = "com.rf.BI-Bill-Split";
				PRODUCT_NAME = "$(TARGET_NAME)";
				SUPPORTED_PLATFORMS = "iphoneos iphonesimulator";
				SUPPORTS_MACCATALYST = NO;
				SUPPORTS_MAC_DESIGNED_FOR_IPHONE_IPAD = NO;
				SUPPORTS_XR_DESIGNED_FOR_IPHONE_IPAD = NO;
				SWIFT_EMIT_LOC_STRINGS = YES;
				SWIFT_VERSION = 5.0;
				TARGETED_DEVICE_FAMILY = 1;
			};
			name = Release;
		};
		1367938D2E4D6FD600E68496 /* Debug */ = {
			isa = XCBuildConfiguration;
			buildSettings = {
				BUNDLE_LOADER = "$(TEST_HOST)";
				CODE_SIGN_STYLE = Automatic;
				CURRENT_PROJECT_VERSION = 1;
				DEVELOPMENT_TEAM = J57739J5K5;
				GENERATE_INFOPLIST_FILE = YES;
				IPHONEOS_DEPLOYMENT_TARGET = 18.5;
				MARKETING_VERSION = 1.0;
				PRODUCT_BUNDLE_IDENTIFIER = "com.rf.BI-Bill-SplitTests";
				PRODUCT_NAME = "$(TARGET_NAME)";
				SWIFT_EMIT_LOC_STRINGS = NO;
				SWIFT_VERSION = 5.0;
				TARGETED_DEVICE_FAMILY = "1,2";
				TEST_HOST = "$(BUILT_PRODUCTS_DIR)/BI Bill Split.app/$(BUNDLE_EXECUTABLE_FOLDER_PATH)/BI Bill Split";
			};
			name = Debug;
		};
		1367938E2E4D6FD600E68496 /* Release */ = {
			isa = XCBuildConfiguration;
			buildSettings = {
				BUNDLE_LOADER = "$(TEST_HOST)";
				CODE_SIGN_STYLE = Automatic;
				CURRENT_PROJECT_VERSION = 1;
				DEVELOPMENT_TEAM = J57739J5K5;
				GENERATE_INFOPLIST_FILE = YES;
				IPHONEOS_DEPLOYMENT_TARGET = 18.5;
				MARKETING_VERSION = 1.0;
				PRODUCT_BUNDLE_IDENTIFIER = "com.rf.BI-Bill-SplitTests";
				PRODUCT_NAME = "$(TARGET_NAME)";
				SWIFT_EMIT_LOC_STRINGS = NO;
				SWIFT_VERSION = 5.0;
				TARGETED_DEVICE_FAMILY = "1,2";
				TEST_HOST = "$(BUILT_PRODUCTS_DIR)/BI Bill Split.app/$(BUNDLE_EXECUTABLE_FOLDER_PATH)/BI Bill Split";
			};
			name = Release;
		};
		136793902E4D6FD600E68496 /* Debug */ = {
			isa = XCBuildConfiguration;
			buildSettings = {
				CODE_SIGN_STYLE = Automatic;
				CURRENT_PROJECT_VERSION = 1;
				DEVELOPMENT_TEAM = J57739J5K5;
				GENERATE_INFOPLIST_FILE = YES;
				MARKETING_VERSION = 1.0;
				PRODUCT_BUNDLE_IDENTIFIER = "com.rf.BI-Bill-SplitUITests";
				PRODUCT_NAME = "$(TARGET_NAME)";
				SWIFT_EMIT_LOC_STRINGS = NO;
				SWIFT_VERSION = 5.0;
				TARGETED_DEVICE_FAMILY = "1,2";
				TEST_TARGET_NAME = "BI Bill Split";
			};
			name = Debug;
		};
		136793912E4D6FD600E68496 /* Release */ = {
			isa = XCBuildConfiguration;
			buildSettings = {
				CODE_SIGN_STYLE = Automatic;
				CURRENT_PROJECT_VERSION = 1;
				DEVELOPMENT_TEAM = J57739J5K5;
				GENERATE_INFOPLIST_FILE = YES;
				MARKETING_VERSION = 1.0;
				PRODUCT_BUNDLE_IDENTIFIER = "com.rf.BI-Bill-SplitUITests";
				PRODUCT_NAME = "$(TARGET_NAME)";
				SWIFT_EMIT_LOC_STRINGS = NO;
				SWIFT_VERSION = 5.0;
				TARGETED_DEVICE_FAMILY = "1,2";
				TEST_TARGET_NAME = "BI Bill Split";
			};
			name = Release;
		};
/* End XCBuildConfiguration section */

/* Begin XCConfigurationList section */
		136793632E4D6FD400E68496 /* Build configuration list for PBXProject "BI Bill Split" */ = {
			isa = XCConfigurationList;
			buildConfigurations = (
				136793872E4D6FD600E68496 /* Debug */,
				136793882E4D6FD600E68496 /* Release */,
			);
			defaultConfigurationIsVisible = 0;
			defaultConfigurationName = Release;
		};
		136793892E4D6FD600E68496 /* Build configuration list for PBXNativeTarget "BI Bill Split" */ = {
			isa = XCConfigurationList;
			buildConfigurations = (
				1367938A2E4D6FD600E68496 /* Debug */,
				1367938B2E4D6FD600E68496 /* Release */,
			);
			defaultConfigurationIsVisible = 0;
			defaultConfigurationName = Release;
		};
		1367938C2E4D6FD600E68496 /* Build configuration list for PBXNativeTarget "BI Bill SplitTests" */ = {
			isa = XCConfigurationList;
			buildConfigurations = (
				1367938D2E4D6FD600E68496 /* Debug */,
				1367938E2E4D6FD600E68496 /* Release */,
			);
			defaultConfigurationIsVisible = 0;
			defaultConfigurationName = Release;
		};
		1367938F2E4D6FD600E68496 /* Build configuration list for PBXNativeTarget "BI Bill SplitUITests" */ = {
			isa = XCConfigurationList;
			buildConfigurations = (
				136793902E4D6FD600E68496 /* Debug */,
				136793912E4D6FD600E68496 /* Release */,
			);
			defaultConfigurationIsVisible = 0;
			defaultConfigurationName = Release;
		};
/* End XCConfigurationList section */

/* Begin XCVersionGroup section */
		13C740662E51684C00078530 /* BillModel.xcdatamodeld */ = {
			isa = XCVersionGroup;
			children = (
				13C740672E51684C00078530 /* BillModel.xcdatamodel */,
			);
			currentVersion = 13C740672E51684C00078530 /* BillModel.xcdatamodel */;
			path = BillModel.xcdatamodeld;
			sourceTree = "<group>";
			versionGroupType = wrapper.xcdatamodel;
		};
/* End XCVersionGroup section */
	};
	rootObject = 136793602E4D6FD400E68496 /* Project object */;
}
